[[package]]
name = "alabaster"
version = "0.7.12"
description = "A configurable sidebar-enabled Sphinx theme"
category = "dev"
optional = false
python-versions = "*"

[[package]]
name = "aspy.yaml"
version = "1.1.2"
description = "A few extensions to pyyaml."
category = "dev"
optional = false
python-versions = "*"

[package.dependencies]
pyyaml = "*"

[[package]]
name = "babel"
version = "2.6.0"
description = "Internationalization utilities"
category = "dev"
optional = false
python-versions = ">=2.7, !=3.0.*, !=3.1.*, !=3.2.*, !=3.3.*"

[package.dependencies]
pytz = ">=0a"

[[package]]
name = "certifi"
version = "2022.12.7"
description = "Python package for providing Mozilla's CA Bundle."
category = "dev"
optional = false
python-versions = ">=3.6"

[[package]]
name = "cfgv"
version = "1.4.0"
description = "Validate configuration and produce human readable error messages."
category = "dev"
optional = false
python-versions = "*"

[package.dependencies]
six = "*"

[[package]]
name = "chardet"
version = "3.0.4"
description = "Universal encoding detector for Python 2 and 3"
category = "dev"
optional = false
python-versions = "*"

[[package]]
name = "colorama"
version = "0.4.1"
description = "Cross-platform colored terminal text."
category = "dev"
optional = false
python-versions = ">=2.7, !=3.0.*, !=3.1.*, !=3.2.*, !=3.3.*"

[[package]]
name = "contextvars"
version = "2.3"
description = "PEP 567 Backport"
category = "main"
optional = false
python-versions = "*"

[package.dependencies]
immutables = "0.6"

[[package]]
name = "dataclasses"
version = "0.6"
description = "A backport of the dataclasses module for Python 3.6"
category = "main"
optional = false
python-versions = "*"

[[package]]
name = "docutils"
version = "0.14"
description = "Docutils -- Python Documentation Utilities"
category = "dev"
optional = false
python-versions = "*"

[[package]]
name = "identify"
version = "1.2.2"
description = "File identification library for Python"
category = "dev"
optional = false
python-versions = "*"

[[package]]
name = "idna"
version = "2.8"
description = "Internationalized Domain Names in Applications (IDNA)"
category = "dev"
optional = false
python-versions = ">=2.7, !=3.0.*, !=3.1.*, !=3.2.*, !=3.3.*"

[[package]]
name = "imagesize"
version = "1.1.0"
description = "Getting image size from png/jpeg/jpeg2000/gif file"
category = "dev"
optional = false
python-versions = ">=2.7, !=3.0.*, !=3.1.*, !=3.2.*, !=3.3.*"

[[package]]
name = "immutables"
version = "0.6"
description = "Immutable Collections"
category = "main"
optional = false
python-versions = "*"

[[package]]
name = "importlib-metadata"
version = "0.8"
description = "Read metadata from Python packages"
category = "dev"
optional = false
python-versions = ">=2.7,!=3.0,!=3.1,!=3.2,!=3.3"

[package.dependencies]
zipp = ">=0.3.2"

[[package]]
name = "importlib-resources"
version = "1.0.2"
description = "Read resources from Python packages"
category = "dev"
optional = false
python-versions = ">=2.7,!=3.0,!=3.1,!=3.2,!=3.3"

[[package]]
name = "jinja2"
version = "2.10"
description = "A small but fast and easy to use stand-alone template engine written in pure python."
category = "dev"
optional = false
python-versions = "*"

[package.dependencies]
MarkupSafe = ">=0.23"

[package.extras]
i18n = ["Babel (>=0.8)"]

[[package]]
name = "markupsafe"
version = "1.1.0"
description = "Safely add untrusted strings to HTML/XML markup."
category = "dev"
optional = false
python-versions = ">=2.7,!=3.0.*,!=3.1.*,!=3.2.*,!=3.3.*"

[[package]]
name = "nodeenv"
version = "1.3.3"
description = "Node.js virtual environment builder"
category = "dev"
optional = false
python-versions = "*"

[[package]]
name = "packaging"
version = "19.0"
description = "Core utilities for Python packages"
category = "dev"
optional = false
python-versions = ">=2.7, !=3.0.*, !=3.1.*, !=3.2.*, !=3.3.*"

[package.dependencies]
pyparsing = ">=2.0.2"
six = "*"

[[package]]
name = "pre-commit"
version = "1.14.3"
description = "A framework for managing and maintaining multi-language pre-commit hooks."
category = "dev"
optional = false
python-versions = "*"

[package.dependencies]
"aspy.yaml" = "*"
cfgv = ">=1.4.0"
identify = ">=1.0.0"
importlib-metadata = "*"
importlib-resources = {version = "*", markers = "python_version < \"3.7\""}
nodeenv = ">=0.11.1"
pyyaml = "*"
six = "*"
toml = "*"
virtualenv = ">=15.2"

[[package]]
name = "pygments"
version = "2.3.1"
description = "Pygments is a syntax highlighting package written in Python."
category = "dev"
optional = false
python-versions = "*"

[[package]]
name = "pyparsing"
version = "2.3.1"
description = "Python parsing module"
category = "dev"
optional = false
python-versions = "*"

[[package]]
name = "pytz"
version = "2018.9"
description = "World timezone definitions, modern and historical"
category = "dev"
optional = false
python-versions = "*"

[[package]]
name = "pyyaml"
version = "3.13"
description = "YAML parser and emitter for Python"
category = "dev"
optional = false
python-versions = "*"

[[package]]
name = "requests"
version = "2.21.0"
description = "Python HTTP for Humans."
category = "dev"
optional = false
python-versions = ">=2.7, !=3.0.*, !=3.1.*, !=3.2.*, !=3.3.*"

[package.dependencies]
certifi = ">=2017.4.17"
chardet = ">=3.0.2,<3.1.0"
idna = ">=2.5,<2.9"
urllib3 = ">=1.21.1,<1.25"

[package.extras]
security = ["cryptography (>=1.3.4)", "idna (>=2.0.0)", "pyOpenSSL (>=0.14)"]
socks = ["PySocks (>=1.5.6,!=1.5.7)", "win-inet-pton"]

[[package]]
name = "setuptools"
version = "59.6.0"
description = "Easily download, build, install, upgrade, and uninstall Python packages"
category = "dev"
optional = false
python-versions = ">=3.6"

[package.extras]
docs = ["furo", "jaraco.packaging (>=8.2)", "jaraco.tidelift (>=1.4)", "pygments-github-lexers (==0.0.5)", "rst.linker (>=1.9)", "sphinx", "sphinx-inline-tabs", "sphinxcontrib-towncrier"]
testing = ["flake8-2020", "jaraco.envs (>=2.2)", "jaraco.path (>=3.2.0)", "mock", "paver", "pip (>=19.1)", "pytest (>=6)", "pytest-black (>=0.3.7)", "pytest-checkdocs (>=2.4)", "pytest-cov", "pytest-enabler (>=1.0.1)", "pytest-flake8", "pytest-mypy", "pytest-virtualenv (>=1.2.7)", "pytest-xdist", "sphinx", "virtualenv (>=13.0.0)", "wheel"]

[[package]]
name = "six"
version = "1.12.0"
description = "Python 2 and 3 compatibility utilities"
category = "dev"
optional = false
python-versions = ">=2.6, !=3.0.*, !=3.1.*"

[[package]]
name = "snowballstemmer"
version = "1.2.1"
description = "This package provides 16 stemmer algorithms (15 + Poerter English stemmer) generated from Snowball algorithms."
category = "dev"
optional = false
python-versions = "*"

[[package]]
name = "sphinx"
version = "1.8.4"
description = "Python documentation generator"
category = "dev"
optional = false
python-versions = ">=2.7, !=3.0.*, !=3.1.*, !=3.2.*, !=3.3.*"

[package.dependencies]
alabaster = ">=0.7,<0.8"
babel = ">=1.3,<2.0 || >2.0"
colorama = {version = ">=0.3.5", markers = "sys_platform == \"win32\""}
docutils = ">=0.11"
imagesize = "*"
Jinja2 = ">=2.3"
packaging = "*"
Pygments = ">=2.0"
requests = ">=2.0.0"
setuptools = "*"
six = ">=1.5"
snowballstemmer = ">=1.1"
sphinxcontrib-websupport = "*"

[package.extras]
test = ["enum34", "flake8 (>=3.5.0)", "flake8-import-order", "html5lib", "mock", "mypy", "pytest", "pytest-cov", "typed-ast"]
websupport = ["sqlalchemy (>=0.9)", "whoosh (>=2.0)"]

[[package]]
name = "sphinx-rtd-theme"
version = "0.4.3"
description = "Read the Docs theme for Sphinx"
category = "dev"
optional = false
python-versions = "*"

[package.dependencies]
sphinx = "*"

[[package]]
name = "sphinxcontrib-websupport"
version = "1.1.0"
description = "Sphinx API for Web Apps"
category = "dev"
optional = false
python-versions = ">=2.7, !=3.0.*, !=3.1.*, !=3.2.*, !=3.3.*"

[package.extras]
test = ["mock", "pytest"]

[[package]]
name = "toml"
version = "0.10.0"
description = "Python Library for Tom's Obvious, Minimal Language"
category = "dev"
optional = false
python-versions = "*"

[[package]]
name = "urllib3"
version = "1.24.1"
description = "HTTP library with thread-safe connection pooling, file post, and more."
category = "dev"
optional = false
python-versions = ">=2.7, !=3.0.*, !=3.1.*, !=3.2.*, !=3.3.*, <4"

[package.extras]
secure = ["certifi", "cryptography (>=1.3.4)", "idna (>=2.0.0)", "ipaddress", "pyOpenSSL (>=0.14)"]
socks = ["PySocks (>=1.5.6,!=1.5.7,<2.0)"]

[[package]]
name = "virtualenv"
version = "16.4.0"
description = "Virtual Python Environment builder"
category = "dev"
optional = false
python-versions = ">=2.7, !=3.0.*, !=3.1.*, !=3.2.*, !=3.3.*"

[package.extras]
docs = ["sphinx (>=1.8.0,<2)", "sphinx-rtd-theme (>=0.4.2,<1)", "towncrier (>=18.5.0)"]
testing = ["coverage (>=4.5.0,<5)", "mock", "pypiserver", "pytest (>=4.0.0,<5)", "pytest-localserver", "pytest-timeout (>=1.3.0,<2)", "pytest-xdist", "six (>=1.10.0,<2)", "xonsh"]

[[package]]
name = "zipp"
version = "0.3.3"
description = "Pathlib-compatible object wrapper for zip files"
category = "dev"
optional = false
python-versions = ">=2.7"

[package.extras]
docs = ["jaraco.packaging (>=3.2)", "rst.linker (>=1.9)", "sphinx"]
testing = ["pathlib2", "pytest (>=3.5,!=3.7.3)", "pytest-checkdocs", "pytest-flake8"]

[metadata]
lock-version = "1.1"
python-versions = "^3.6"
content-hash = "2e75c34f50f55f7eb1521ed9e1de2d99de41326b39a502234008da4e7f916b80"

[metadata.files]
alabaster = [
    {file = "alabaster-0.7.12-py2.py3-none-any.whl", hash = "sha256:446438bdcca0e05bd45ea2de1668c1d9b032e1a9154c2c259092d77031ddd359"},
    {file = "alabaster-0.7.12.tar.gz", hash = "sha256:a661d72d58e6ea8a57f7a86e37d86716863ee5e92788398526d58b26a4e4dc02"},
]
"aspy.yaml" = [
    {file = "aspy.yaml-1.1.2-py2.py3-none-any.whl", hash = "sha256:19dd2ee74f96b72a3096d78be1a872914c70982299cda137725478954870a896"},
    {file = "aspy.yaml-1.1.2.tar.gz", hash = "sha256:5eaaacd0886e8b581f0e4ff383fb6504720bb2b3c7be17307724246261a41adf"},
]
babel = [
    {file = "Babel-2.6.0-py2.py3-none-any.whl", hash = "sha256:6778d85147d5d85345c14a26aada5e478ab04e39b078b0745ee6870c2b5cf669"},
    {file = "Babel-2.6.0.tar.gz", hash = "sha256:8cba50f48c529ca3fa18cf81fa9403be176d374ac4d60738b839122dfaaa3d23"},
]
certifi = [
    {file = "certifi-2022.12.7-py3-none-any.whl", hash = "sha256:4ad3232f5e926d6718ec31cfc1fcadfde020920e278684144551c91769c7bc18"},
    {file = "certifi-2022.12.7.tar.gz", hash = "sha256:35824b4c3a97115964b408844d64aa14db1cc518f6562e8d7261699d1350a9e3"},
]
cfgv = [
    {file = "cfgv-1.4.0-py2.py3-none-any.whl", hash = "sha256:41d22dd864c474f919ecb88900000d2410d640315f75bdb79b3abf9347089641"},
    {file = "cfgv-1.4.0.tar.gz", hash = "sha256:39d9055c47e3932908fe25abd5807e21dc002630db01c7a5f05738d027e2b706"},
]
chardet = [
    {file = "chardet-3.0.4-py2.py3-none-any.whl", hash = "sha256:fc323ffcaeaed0e0a02bf4d117757b98aed530d9ed4531e3e15460124c106691"},
    {file = "chardet-3.0.4.tar.gz", hash = "sha256:84ab92ed1c4d4f16916e05906b6b75a6c0fb5db821cc65e70cbd64a3e2a5eaae"},
]
colorama = [
    {file = "colorama-0.4.1-py2.py3-none-any.whl", hash = "sha256:f8ac84de7840f5b9c4e3347b3c1eaa50f7e49c2b07596221daec5edaabbd7c48"},
    {file = "colorama-0.4.1.tar.gz", hash = "sha256:05eed71e2e327246ad6b38c540c4a3117230b19679b875190486ddd2d721422d"},
]
contextvars = [
    {file = "contextvars-2.3.tar.gz", hash = "sha256:2341042e1c03a271813e07dba29b6b60fa85c1005ea5ed1638a076cf50b4d625"},
]
dataclasses = [
    {file = "dataclasses-0.6-py3-none-any.whl", hash = "sha256:454a69d788c7fda44efd71e259be79577822f5e3f53f029a22d08004e951dc9f"},
    {file = "dataclasses-0.6.tar.gz", hash = "sha256:6988bd2b895eef432d562370bb707d540f32f7360ab13da45340101bc2307d84"},
]
docutils = [
    {file = "docutils-0.14-py2-none-any.whl", hash = "sha256:7a4bd47eaf6596e1295ecb11361139febe29b084a87bf005bf899f9a42edc3c6"},
    {file = "docutils-0.14-py3-none-any.whl", hash = "sha256:02aec4bd92ab067f6ff27a38a38a41173bf01bed8f89157768c1573f53e474a6"},
    {file = "docutils-0.14.tar.gz", hash = "sha256:51e64ef2ebfb29cae1faa133b3710143496eca21c530f3f71424d77687764274"},
]
identify = [
    {file = "identify-1.2.2-py2.py3-none-any.whl", hash = "sha256:04470dbd28741b47d889b77e4dea7a86105c9a338dca987a74ded7bc29f0c45b"},
    {file = "identify-1.2.2.tar.gz", hash = "sha256:d3ddec4436e043c3398392b4ba8936b4ab52fa262284e767eb6c351d9b3ab5b7"},
]
idna = [
    {file = "idna-2.8-py2.py3-none-any.whl", hash = "sha256:ea8b7f6188e6fa117537c3df7da9fc686d485087abf6ac197f9c46432f7e4a3c"},
    {file = "idna-2.8.tar.gz", hash = "sha256:c357b3f628cf53ae2c4c05627ecc484553142ca23264e593d327bcde5e9c3407"},
]
imagesize = [
    {file = "imagesize-1.1.0-py2.py3-none-any.whl", hash = "sha256:3f349de3eb99145973fefb7dbe38554414e5c30abd0c8e4b970a7c9d09f3a1d8"},
    {file = "imagesize-1.1.0.tar.gz", hash = "sha256:f3832918bc3c66617f92e35f5d70729187676313caa60c187eb0f28b8fe5e3b5"},
]
immutables = [
    {file = "immutables-0.6-cp35-cp35m-macosx_10_12_x86_64.whl", hash = "sha256:7bb1590024a032c7a57f79faf8c8ff5e91340662550d2980e0177f67e66e9c9c"},
    {file = "immutables-0.6-cp35-cp35m-manylinux1_i686.whl", hash = "sha256:1e4f4513254ef11e0230a558ee0dcb4551b914993c330005d15338da595d3750"},
    {file = "immutables-0.6-cp35-cp35m-manylinux1_x86_64.whl", hash = "sha256:6bf5857f42a96331fd0929c357dc0b36a72f339f3b6acaf870b149c96b141f69"},
    {file = "immutables-0.6-cp35-cp35m-win32.whl", hash = "sha256:2d32b61c222cba1dd11f0faff67c7fb6204ef1982454e1b5b001d4b79966ef17"},
    {file = "immutables-0.6-cp35-cp35m-win_amd64.whl", hash = "sha256:d9fc6a236018d99af6453ead945a6bb55f98d14b1801a2c229dd993edc753a00"},
    {file = "immutables-0.6-cp36-cp36m-macosx_10_12_x86_64.whl", hash = "sha256:228e38dc7a810ba4ff88909908ac47f840e5dc6c4c0da6b25009c626a9ae771c"},
    {file = "immutables-0.6-cp36-cp36m-manylinux1_i686.whl", hash = "sha256:35af186bfac5b62522fdf2cab11120d7b0547f405aa399b6a1e443cf5f5e318c"},
    {file = "immutables-0.6-cp36-cp36m-manylinux1_x86_64.whl", hash = "sha256:7c090687d7e623d4eca22962635b5e1a1ee2d6f9a9aca2f3fb5a184a1ffef1f2"},
    {file = "immutables-0.6-cp36-cp36m-win32.whl", hash = "sha256:bc36a0a8749881eebd753f696b081bd51145e4d77291d671d2e2f622e5b65d2f"},
    {file = "immutables-0.6-cp36-cp36m-win_amd64.whl", hash = "sha256:2ae88fbfe1d04f4e5859c924e97313edf70e72b4f19871bf329b96a67ede9ba0"},
    {file = "immutables-0.6.tar.gz", hash = "sha256:63023fa0cceedc62e0d1535cd4ca7a1f6df3120a6d8e5c34e89037402a6fd809"},
]
importlib-metadata = [
    {file = "importlib_metadata-0.8-py2.py3-none-any.whl", hash = "sha256:a17ce1a8c7bff1e8674cb12c992375d8d0800c9190177ecf0ad93e0097224095"},
    {file = "importlib_metadata-0.8.tar.gz", hash = "sha256:b50191ead8c70adfa12495fba19ce6d75f2e0275c14c5a7beb653d6799b512bd"},
]
importlib-resources = [
    {file = "importlib_resources-1.0.2-py2.py3-none-any.whl", hash = "sha256:6e2783b2538bd5a14678284a3962b0660c715e5a0f10243fd5e00a4b5974f50b"},
    {file = "importlib_resources-1.0.2.tar.gz", hash = "sha256:d3279fd0f6f847cced9f7acc19bd3e5df54d34f93a2e7bb5f238f81545787078"},
]
jinja2 = [
    {file = "Jinja2-2.10-py2.py3-none-any.whl", hash = "sha256:74c935a1b8bb9a3947c50a54766a969d4846290e1e788ea44c1392163723c3bd"},
    {file = "Jinja2-2.10.tar.gz", hash = "sha256:f84be1bb0040caca4cea721fcbbbbd61f9be9464ca236387158b0feea01914a4"},
]
markupsafe = [
    {file = "MarkupSafe-1.1.0-cp27-cp27m-macosx_10_6_intel.whl", hash = "sha256:efdc45ef1afc238db84cb4963aa689c0408912a0239b0721cb172b4016eb31d6"},
    {file = "MarkupSafe-1.1.0-cp27-cp27m-manylinux1_i686.whl", hash = "sha256:52ccb45e77a1085ec5461cde794e1aa037df79f473cbc69b974e73940655c8d7"},
    {file = "MarkupSafe-1.1.0-cp27-cp27m-manylinux1_x86_64.whl", hash = "sha256:525396ee324ee2da82919f2ee9c9e73b012f23e7640131dd1b53a90206a0f09c"},
    {file = "MarkupSafe-1.1.0-cp27-cp27m-win32.whl", hash = "sha256:31cbb1359e8c25f9f48e156e59e2eaad51cd5242c05ed18a8de6dbe85184e4b7"},
    {file = "MarkupSafe-1.1.0-cp27-cp27m-win_amd64.whl", hash = "sha256:edce2ea7f3dfc981c4ddc97add8a61381d9642dc3273737e756517cc03e84dd6"},
    {file = "MarkupSafe-1.1.0-cp27-cp27mu-manylinux1_i686.whl", hash = "sha256:5c3fbebd7de20ce93103cb3183b47671f2885307df4a17a0ad56a1dd51273d36"},
    {file = "MarkupSafe-1.1.0-cp27-cp27mu-manylinux1_x86_64.whl", hash = "sha256:f82e347a72f955b7017a39708a3667f106e6ad4d10b25f237396a7115d8ed5fd"},
    {file = "MarkupSafe-1.1.0-cp34-cp34m-macosx_10_6_intel.whl", hash = "sha256:19f637c2ac5ae9da8bfd98cef74d64b7e1bb8a63038a3505cd182c3fac5eb4d9"},
    {file = "MarkupSafe-1.1.0-cp34-cp34m-manylinux1_i686.whl", hash = "sha256:98e439297f78fca3a6169fd330fbe88d78b3bb72f967ad9961bcac0d7fdd1550"},
    {file = "MarkupSafe-1.1.0-cp34-cp34m-manylinux1_x86_64.whl", hash = "sha256:fb7c206e01ad85ce57feeaaa0bf784b97fa3cad0d4a5737bc5295785f5c613a1"},
    {file = "MarkupSafe-1.1.0-cp34-cp34m-win32.whl", hash = "sha256:1fa6058938190ebe8290e5cae6c351e14e7bb44505c4a7624555ce57fbbeba0d"},
    {file = "MarkupSafe-1.1.0-cp34-cp34m-win_amd64.whl", hash = "sha256:e982fe07ede9fada6ff6705af70514a52beb1b2c3d25d4e873e82114cf3c5401"},
    {file = "MarkupSafe-1.1.0-cp35-cp35m-macosx_10_6_intel.whl", hash = "sha256:5e5851969aea17660e55f6a3be00037a25b96a9b44d2083651812c99d53b14d1"},
    {file = "MarkupSafe-1.1.0-cp35-cp35m-manylinux1_i686.whl", hash = "sha256:f137c02498f8b935892d5c0172560d7ab54bc45039de8805075e19079c639a9c"},
    {file = "MarkupSafe-1.1.0-cp35-cp35m-manylinux1_x86_64.whl", hash = "sha256:3e835d8841ae7863f64e40e19477f7eb398674da6a47f09871673742531e6f4b"},
    {file = "MarkupSafe-1.1.0-cp35-cp35m-win32.whl", hash = "sha256:5edfa27b2d3eefa2210fb2f5d539fbed81722b49f083b2c6566455eb7422fd7e"},
    {file = "MarkupSafe-1.1.0-cp35-cp35m-win_amd64.whl", hash = "sha256:857eebb2c1dc60e4219ec8e98dfa19553dae33608237e107db9c6078b1167856"},
    {file = "MarkupSafe-1.1.0-cp36-cp36m-macosx_10_6_intel.whl", hash = "sha256:bf54103892a83c64db58125b3f2a43df6d2cb2d28889f14c78519394feb41492"},
    {file = "MarkupSafe-1.1.0-cp36-cp36m-manylinux1_i686.whl", hash = "sha256:048ef924c1623740e70204aa7143ec592504045ae4429b59c30054cb31e3c432"},
    {file = "MarkupSafe-1.1.0-cp36-cp36m-manylinux1_x86_64.whl", hash = "sha256:83381342bfc22b3c8c06f2dd93a505413888694302de25add756254beee8449c"},
    {file = "MarkupSafe-1.1.0-cp36-cp36m-win32.whl", hash = "sha256:130f844e7f5bdd8e9f3f42e7102ef1d49b2e6fdf0d7526df3f87281a532d8c8b"},
    {file = "MarkupSafe-1.1.0-cp36-cp36m-win_amd64.whl", hash = "sha256:52b07fbc32032c21ad4ab060fec137b76eb804c4b9a1c7c7dc562549306afad2"},
    {file = "MarkupSafe-1.1.0-cp37-cp37m-macosx_10_6_intel.whl", hash = "sha256:1f19ef5d3908110e1e891deefb5586aae1b49a7440db952454b4e281b41620cd"},
    {file = "MarkupSafe-1.1.0-cp37-cp37m-manylinux1_i686.whl", hash = "sha256:1b8a7a87ad1b92bd887568ce54b23565f3fd7018c4180136e1cf412b405a47af"},
    {file = "MarkupSafe-1.1.0-cp37-cp37m-manylinux1_x86_64.whl", hash = "sha256:d9ac82be533394d341b41d78aca7ed0e0f4ba5a2231602e2f05aa87f25c51672"},
    {file = "MarkupSafe-1.1.0-cp37-cp37m-win32.whl", hash = "sha256:1c25694ca680b6919de53a4bb3bdd0602beafc63ff001fea2f2fc16ec3a11834"},
    {file = "MarkupSafe-1.1.0-cp37-cp37m-win_amd64.whl", hash = "sha256:7d263e5770efddf465a9e31b78362d84d015cc894ca2c131901a4445eaa61ee1"},
    {file = "MarkupSafe-1.1.0.tar.gz", hash = "sha256:4e97332c9ce444b0c2c38dd22ddc61c743eb208d916e4265a2a3b575bdccb1d3"},
]
nodeenv = [
    {file = "nodeenv-1.3.3.tar.gz", hash = "sha256:ad8259494cf1c9034539f6cced78a1da4840a4b157e23640bc4a0c0546b0cb7a"},
]
packaging = [
    {file = "packaging-19.0-py2.py3-none-any.whl", hash = "sha256:9e1cbf8c12b1f1ce0bb5344b8d7ecf66a6f8a6e91bcb0c84593ed6d3ab5c4ab3"},
    {file = "packaging-19.0.tar.gz", hash = "sha256:0c98a5d0be38ed775798ece1b9727178c4469d9c3b4ada66e8e6b7849f8732af"},
]
pre-commit = [
    {file = "pre_commit-1.14.3-py2.py3-none-any.whl", hash = "sha256:40bc3f3a56402d73c54db2dc855fccfb2e7b1b8136da29c61470c1d999614060"},
    {file = "pre_commit-1.14.3.tar.gz", hash = "sha256:dfca349528e1b1272bc35511e4375d8bb01d4b0dec5eb632e0cf2d7e7458fecc"},
]
pygments = [
    {file = "Pygments-2.3.1-py2.py3-none-any.whl", hash = "sha256:e8218dd399a61674745138520d0d4cf2621d7e032439341bc3f647bff125818d"},
    {file = "Pygments-2.3.1.tar.gz", hash = "sha256:5ffada19f6203563680669ee7f53b64dabbeb100eb51b61996085e99c03b284a"},
]
pyparsing = [
    {file = "pyparsing-2.3.1-py2.py3-none-any.whl", hash = "sha256:f6c5ef0d7480ad048c054c37632c67fca55299990fff127850181659eea33fc3"},
    {file = "pyparsing-2.3.1.tar.gz", hash = "sha256:66c9268862641abcac4a96ba74506e594c884e3f57690a696d21ad8210ed667a"},
]
pytz = [
    {file = "pytz-2018.9-py2.py3-none-any.whl", hash = "sha256:32b0891edff07e28efe91284ed9c31e123d84bea3fd98e1f72be2508f43ef8d9"},
    {file = "pytz-2018.9.tar.gz", hash = "sha256:d5f05e487007e29e03409f9398d074e158d920d36eb82eaf66fb1136b0c5374c"},
]
pyyaml = [
    {file = "PyYAML-3.13-cp27-cp27m-win32.whl", hash = "sha256:d5eef459e30b09f5a098b9cea68bebfeb268697f78d647bd255a085371ac7f3f"},
    {file = "PyYAML-3.13-cp27-cp27m-win_amd64.whl", hash = "sha256:e01d3203230e1786cd91ccfdc8f8454c8069c91bee3962ad93b87a4b2860f537"},
    {file = "PyYAML-3.13-cp34-cp34m-win32.whl", hash = "sha256:558dd60b890ba8fd982e05941927a3911dc409a63dcb8b634feaa0cda69330d3"},
    {file = "PyYAML-3.13-cp34-cp34m-win_amd64.whl", hash = "sha256:d46d7982b62e0729ad0175a9bc7e10a566fc07b224d2c79fafb5e032727eaa04"},
    {file = "PyYAML-3.13-cp35-cp35m-win32.whl", hash = "sha256:a7c28b45d9f99102fa092bb213aa12e0aaf9a6a1f5e395d36166639c1f96c3a1"},
    {file = "PyYAML-3.13-cp35-cp35m-win_amd64.whl", hash = "sha256:bc558586e6045763782014934bfaf39d48b8ae85a2713117d16c39864085c613"},
    {file = "PyYAML-3.13-cp36-cp36m-win32.whl", hash = "sha256:40c71b8e076d0550b2e6380bada1f1cd1017b882f7e16f09a65be98e017f211a"},
    {file = "PyYAML-3.13-cp36-cp36m-win_amd64.whl", hash = "sha256:3d7da3009c0f3e783b2c873687652d83b1bbfd5c88e9813fb7e5b03c0dd3108b"},
    {file = "PyYAML-3.13-cp37-cp37m-win32.whl", hash = "sha256:e170a9e6fcfd19021dd29845af83bb79236068bf5fd4df3327c1be18182b2531"},
    {file = "PyYAML-3.13-cp37-cp37m-win_amd64.whl", hash = "sha256:aa7dd4a6a427aed7df6fb7f08a580d68d9b118d90310374716ae90b710280af1"},
    {file = "PyYAML-3.13.tar.gz", hash = "sha256:3ef3092145e9b70e3ddd2c7ad59bdd0252a94dfe3949721633e41344de00a6bf"},
]
requests = [
    {file = "requests-2.21.0-py2.py3-none-any.whl", hash = "sha256:7bf2a778576d825600030a110f3c0e3e8edc51dfaafe1c146e39a2027784957b"},
    {file = "requests-2.21.0.tar.gz", hash = "sha256:502a824f31acdacb3a35b6690b5fbf0bc41d63a24a45c4004352b0242707598e"},
]
setuptools = [
    {file = "setuptools-59.6.0-py3-none-any.whl", hash = "sha256:4ce92f1e1f8f01233ee9952c04f6b81d1e02939d6e1b488428154974a4d0783e"},
    {file = "setuptools-59.6.0.tar.gz", hash = "sha256:22c7348c6d2976a52632c67f7ab0cdf40147db7789f9aed18734643fe9cf3373"},
]
six = [
    {file = "six-1.12.0-py2.py3-none-any.whl", hash = "sha256:3350809f0555b11f552448330d0b52d5f24c91a322ea4a15ef22629740f3761c"},
    {file = "six-1.12.0.tar.gz", hash = "sha256:d16a0141ec1a18405cd4ce8b4613101da75da0e9a7aec5bdd4fa804d0e0eba73"},
]
snowballstemmer = [
    {file = "snowballstemmer-1.2.1-py2.py3-none-any.whl", hash = "sha256:9f3bcd3c401c3e862ec0ebe6d2c069ebc012ce142cce209c098ccb5b09136e89"},
    {file = "snowballstemmer-1.2.1.tar.gz", hash = "sha256:919f26a68b2c17a7634da993d91339e288964f93c274f1343e3bbbe2096e1128"},
]
sphinx = [
    {file = "Sphinx-1.8.4-py2.py3-none-any.whl", hash = "sha256:b53904fa7cb4b06a39409a492b949193a1b68cc7241a1a8ce9974f86f0d24287"},
    {file = "Sphinx-1.8.4.tar.gz", hash = "sha256:c1c00fc4f6e8b101a0d037065043460dffc2d507257f2f11acaed71fd2b0c83c"},
]
sphinx-rtd-theme = [
    {file = "sphinx_rtd_theme-0.4.3-py2.py3-none-any.whl", hash = "sha256:00cf895504a7895ee433807c62094cf1e95f065843bf3acd17037c3e9a2becd4"},
    {file = "sphinx_rtd_theme-0.4.3.tar.gz", hash = "sha256:728607e34d60456d736cc7991fd236afb828b21b82f956c5ea75f94c8414040a"},
]
sphinxcontrib-websupport = [
    {file = "sphinxcontrib-websupport-1.1.0.tar.gz", hash = "sha256:9de47f375baf1ea07cdb3436ff39d7a9c76042c10a769c52353ec46e4e8fc3b9"},
    {file = "sphinxcontrib_websupport-1.1.0-py2.py3-none-any.whl", hash = "sha256:68ca7ff70785cbe1e7bccc71a48b5b6d965d79ca50629606c7861a21b206d9dd"},
]
toml = [
    {file = "toml-0.10.0-py2.py3-none-any.whl", hash = "sha256:235682dd292d5899d361a811df37e04a8828a5b1da3115886b73cf81ebc9100e"},
    {file = "toml-0.10.0.tar.gz", hash = "sha256:229f81c57791a41d65e399fc06bf0848bab550a9dfd5ed66df18ce5f05e73d5c"},
]
urllib3 = [
    {file = "urllib3-1.24.1-py2.py3-none-any.whl", hash = "sha256:61bf29cada3fc2fbefad4fdf059ea4bd1b4a86d2b6d15e1c7c0b582b9752fe39"},
    {file = "urllib3-1.24.1.tar.gz", hash = "sha256:de9529817c93f27c8ccbfead6985011db27bd0ddfcdb2d86f3f663385c6a9c22"},
]
virtualenv = [
    {file = "virtualenv-16.4.0-py2.py3-none-any.whl", hash = "sha256:8b9abfc51c38b70f61634bf265e5beacf6fae11fc25d355d1871f49b8e45f0db"},
    {file = "virtualenv-16.4.0.tar.gz", hash = "sha256:cceab52aa7d4df1e1871a70236eb2b89fcfe29b6b43510d9738689787c513261"},
]
zipp = [
    {file = "zipp-0.3.3-py2.py3-none-any.whl", hash = "sha256:682b3e1c62b7026afe24eadf6be579fb45fec54c07ea218bded8092af07a68c4"},
    {file = "zipp-0.3.3.tar.gz", hash = "sha256:55ca87266c38af6658b84db8cfb7343cdb0bf275f93c7afaea0d8e7a209c7478"},
]
